
Microsoft Visual Studio Solution File, Format Version 12.00
# Visual Studio Version 17
VisualStudioVersion = 17.1.32228.430
MinimumVisualStudioVersion = 10.0.40219.1
Project("{FAE04EC0-301F-11D3-BF4B-00C04F79EFBC}") = "WindowsFormsApp3", "WindowsFormsApp3\WindowsFormsApp3.csproj", "{743FA28C-0695-43AF-8760-E5DF61C664F0}"
EndProject
Global
	GlobalSection(SolutionConfigurationPlatforms) = preSolution
		Debug|Any CPU = Debug|Any CPU
		Release|Any CPU = Release|Any CPU
	EndGlobalSection
	GlobalSection(ProjectConfigurationPlatforms) = postSolution
		{743FA28C-0695-43AF-8760-E5DF61C664F0}.Debug|Any CPU.ActiveCfg = Debug|Any CPU
		{743FA28C-0695-43AF-8760-E5DF61C664F0}.Debug|Any CPU.Build.0 = Debug|Any CPU
		{743FA28C-0695-43AF-8760-E5DF61C664F0}.Release|Any CPU.ActiveCfg = Release|Any CPU
		{743FA28C-0695-43AF-8760-E5DF61C664F0}.Release|Any CPU.Build.0 = Release|Any CPU
	EndGlobalSection
	GlobalSection(SolutionProperties) = preSolution
		HideSolutionNode = FALSE
	EndGlobalSection
	GlobalSection(ExtensibilityGlobals) = postSolution
		SolutionGuid = {E0F0DE09-FBB8-4107-B726-4BFBC2CB7ED0}
	EndGlobalSection
EndGlobal
